
Microsoft Visual Studio Solution File, Format Version 12.00
# Visual Studio Version 16
VisualStudioVersion = 16.0.30517.126
MinimumVisualStudioVersion = 10.0.40219.1
Project("{FAE04EC0-301F-11D3-BF4B-00C04F79EFBC}") = "五子棋", "五子棋.csproj", "{A88CB8E4-7B85-403E-BB55-57F8BDC49DD5}"
EndProject
Global
	GlobalSection(SolutionConfigurationPlatforms) = preSolution
		Debug|Any CPU = Debug|Any CPU
		Release|Any CPU = Release|Any CPU
	EndGlobalSection
	GlobalSection(ProjectConfigurationPlatforms) = postSolution
		{A88CB8E4-7B85-403E-BB55-57F8BDC49DD5}.Debug|Any CPU.ActiveCfg = Debug|Any CPU
		{A88CB8E4-7B85-403E-BB55-57F8BDC49DD5}.Debug|Any CPU.Build.0 = Debug|Any CPU
		{A88CB8E4-7B85-403E-BB55-57F8BDC49DD5}.Release|Any CPU.ActiveCfg = Release|Any CPU
		{A88CB8E4-7B85-403E-BB55-57F8BDC49DD5}.Release|Any CPU.Build.0 = Release|Any CPU
	EndGlobalSection
	GlobalSection(SolutionProperties) = preSolution
		HideSolutionNode = FALSE
	EndGlobalSection
	GlobalSection(ExtensibilityGlobals) = postSolution
		SolutionGuid = {D32BEEAB-A7B3-4CFC-8519-960706202468}
	EndGlobalSection
EndGlobal
